
Microsoft Visual Studio Solution File, Format Version 12.00
# Visual Studio Version 16
VisualStudioVersion = 16.0.29326.143
MinimumVisualStudioVersion = 10.0.40219.1
Project("{FAE04EC0-301F-11D3-BF4B-00C04F79EFBC}") = "Exercitii011119", "Exercitii011119.csproj", "{6322D2F2-FA93-4764-8444-26181B562E6B}"
EndProject
Global
	GlobalSection(SolutionConfigurationPlatforms) = preSolution
		Debug|Any CPU = Debug|Any CPU
		Release|Any CPU = Release|Any CPU
	EndGlobalSection
	GlobalSection(ProjectConfigurationPlatforms) = postSolution
		{6322D2F2-FA93-4764-8444-26181B562E6B}.Debug|Any CPU.ActiveCfg = Debug|Any CPU
		{6322D2F2-FA93-4764-8444-26181B562E6B}.Debug|Any CPU.Build.0 = Debug|Any CPU
		{6322D2F2-FA93-4764-8444-26181B562E6B}.Release|Any CPU.ActiveCfg = Release|Any CPU
		{6322D2F2-FA93-4764-8444-26181B562E6B}.Release|Any CPU.Build.0 = Release|Any CPU
	EndGlobalSection
	GlobalSection(SolutionProperties) = preSolution
		HideSolutionNode = FALSE
	EndGlobalSection
	GlobalSection(ExtensibilityGlobals) = postSolution
		SolutionGuid = {95B3713A-7ABA-40A1-B89F-942A43754A6D}
	EndGlobalSection
EndGlobal
